
Microsoft Visual Studio Solution File, Format Version 12.00
# Visual Studio Version 16
VisualStudioVersion = 16.0.31729.503
MinimumVisualStudioVersion = 10.0.40219.1
Project("{FAE04EC0-301F-11D3-BF4B-00C04F79EFBC}") = "masodikProjektKomplex", "masodikProjektKomplex\masodikProjektKomplex.csproj", "{1BC0495F-919A-4850-AD72-2D02F6194315}"
EndProject
Global
	GlobalSection(SolutionConfigurationPlatforms) = preSolution
		Debug|Any CPU = Debug|Any CPU
		Release|Any CPU = Release|Any CPU
	EndGlobalSection
	GlobalSection(ProjectConfigurationPlatforms) = postSolution
		{1BC0495F-919A-4850-AD72-2D02F6194315}.Debug|Any CPU.ActiveCfg = Debug|Any CPU
		{1BC0495F-919A-4850-AD72-2D02F6194315}.Debug|Any CPU.Build.0 = Debug|Any CPU
		{1BC0495F-919A-4850-AD72-2D02F6194315}.Release|Any CPU.ActiveCfg = Release|Any CPU
		{1BC0495F-919A-4850-AD72-2D02F6194315}.Release|Any CPU.Build.0 = Release|Any CPU
	EndGlobalSection
	GlobalSection(SolutionProperties) = preSolution
		HideSolutionNode = FALSE
	EndGlobalSection
	GlobalSection(ExtensibilityGlobals) = postSolution
		SolutionGuid = {80D527CF-B480-47B6-8573-CD08CA378FC4}
	EndGlobalSection
EndGlobal
